
Microsoft Visual Studio Solution File, Format Version 12.00
# Visual Studio Version 16
VisualStudioVersion = 16.0.31129.286
MinimumVisualStudioVersion = 10.0.40219.1
Project("{FAE04EC0-301F-11D3-BF4B-00C04F79EFBC}") = "UI", "UI\UI.csproj", "{E56C07EC-1CBF-4FFB-9ACB-99BCCEDD4DD6}"
EndProject
Project("{FAE04EC0-301F-11D3-BF4B-00C04F79EFBC}") = "BL", "BL\BL.csproj", "{8D25869D-B2E8-48F1-AD5C-A3A5AE57F7F0}"
EndProject
Project("{FAE04EC0-301F-11D3-BF4B-00C04F79EFBC}") = "DOM", "DOM\DOM.csproj", "{22BC1BC2-73F2-4CFE-9E5F-FBE9D7180394}"
EndProject
Project("{FAE04EC0-301F-11D3-BF4B-00C04F79EFBC}") = "DA", "DA\DA.csproj", "{89F40198-6511-4287-9436-648CE2FE59B9}"
EndProject
Global
	GlobalSection(SolutionConfigurationPlatforms) = preSolution
		Debug|Any CPU = Debug|Any CPU
		Release|Any CPU = Release|Any CPU
	EndGlobalSection
	GlobalSection(ProjectConfigurationPlatforms) = postSolution
		{E56C07EC-1CBF-4FFB-9ACB-99BCCEDD4DD6}.Debug|Any CPU.ActiveCfg = Debug|Any CPU
		{E56C07EC-1CBF-4FFB-9ACB-99BCCEDD4DD6}.Debug|Any CPU.Build.0 = Debug|Any CPU
		{E56C07EC-1CBF-4FFB-9ACB-99BCCEDD4DD6}.Release|Any CPU.ActiveCfg = Release|Any CPU
		{E56C07EC-1CBF-4FFB-9ACB-99BCCEDD4DD6}.Release|Any CPU.Build.0 = Release|Any CPU
		{8D25869D-B2E8-48F1-AD5C-A3A5AE57F7F0}.Debug|Any CPU.ActiveCfg = Debug|Any CPU
		{8D25869D-B2E8-48F1-AD5C-A3A5AE57F7F0}.Debug|Any CPU.Build.0 = Debug|Any CPU
		{8D25869D-B2E8-48F1-AD5C-A3A5AE57F7F0}.Release|Any CPU.ActiveCfg = Release|Any CPU
		{8D25869D-B2E8-48F1-AD5C-A3A5AE57F7F0}.Release|Any CPU.Build.0 = Release|Any CPU
		{22BC1BC2-73F2-4CFE-9E5F-FBE9D7180394}.Debug|Any CPU.ActiveCfg = Debug|Any CPU
		{22BC1BC2-73F2-4CFE-9E5F-FBE9D7180394}.Debug|Any CPU.Build.0 = Debug|Any CPU
		{22BC1BC2-73F2-4CFE-9E5F-FBE9D7180394}.Release|Any CPU.ActiveCfg = Release|Any CPU
		{22BC1BC2-73F2-4CFE-9E5F-FBE9D7180394}.Release|Any CPU.Build.0 = Release|Any CPU
		{89F40198-6511-4287-9436-648CE2FE59B9}.Debug|Any CPU.ActiveCfg = Debug|Any CPU
		{89F40198-6511-4287-9436-648CE2FE59B9}.Debug|Any CPU.Build.0 = Debug|Any CPU
		{89F40198-6511-4287-9436-648CE2FE59B9}.Release|Any CPU.ActiveCfg = Release|Any CPU
		{89F40198-6511-4287-9436-648CE2FE59B9}.Release|Any CPU.Build.0 = Release|Any CPU
	EndGlobalSection
	GlobalSection(SolutionProperties) = preSolution
		HideSolutionNode = FALSE
	EndGlobalSection
	GlobalSection(ExtensibilityGlobals) = postSolution
		SolutionGuid = {64AF172B-21CE-42C0-B69B-0772489AAEA4}
	EndGlobalSection
EndGlobal
